// !$*UTF8*$!
{
	archiveVersion = 1;
	classes = {
	};
	objectVersion = 46;
	objects = {

/* Begin PBXBuildFile section */
		001106C7187AA3D400B56D34 /* Foundation.framework in Frameworks */ = {isa = PBXBuildFile; fileRef = 001106C6187AA3D400B56D34 /* Foundation.framework */; };
		001106C9187AA3D400B56D34 /* CoreGraphics.framework in Frameworks */ = {isa = PBXBuildFile; fileRef = 001106C8187AA3D400B56D34 /* CoreGraphics.framework */; };
		001106CB187AA3D400B56D34 /* UIKit.framework in Frameworks */ = {isa = PBXBuildFile; fileRef = 001106CA187AA3D400B56D34 /* UIKit.framework */; };
		001106D1187AA3D400B56D34 /* InfoPlist.strings in Resources */ = {isa = PBXBuildFile; fileRef = 001106CF187AA3D400B56D34 /* InfoPlist.strings */; };
		001106D3187AA3D400B56D34 /* main.m in Sources */ = {isa = PBXBuildFile; fileRef = 001106D2187AA3D400B56D34 /* main.m */; };
		001106D7187AA3D400B56D34 /* AppDelegate.m in Sources */ = {isa = PBXBuildFile; fileRef = 001106D6187AA3D400B56D34 /* AppDelegate.m */; };
		001106DA187AA3D400B56D34 /* Main.storyboard in Resources */ = {isa = PBXBuildFile; fileRef = 001106D8187AA3D400B56D34 /* Main.storyboard */; };
		001106DD187AA3D400B56D34 /* ViewController.m in Sources */ = {isa = PBXBuildFile; fileRef = 001106DC187AA3D400B56D34 /* ViewController.m */; };
		001106DF187AA3D400B56D34 /* Images.xcassets in Resources */ = {isa = PBXBuildFile; fileRef = 001106DE187AA3D400B56D34 /* Images.xcassets */; };
		001106E6187AA3D500B56D34 /* XCTest.framework in Frameworks */ = {isa = PBXBuildFile; fileRef = 001106E5187AA3D500B56D34 /* XCTest.framework */; };
		001106E7187AA3D500B56D34 /* Foundation.framework in Frameworks */ = {isa = PBXBuildFile; fileRef = 001106C6187AA3D400B56D34 /* Foundation.framework */; };
		001106E8187AA3D500B56D34 /* UIKit.framework in Frameworks */ = {isa = PBXBuildFile; fileRef = 001106CA187AA3D400B56D34 /* UIKit.framework */; };
		001106F0187AA3D500B56D34 /* InfoPlist.strings in Resources */ = {isa = PBXBuildFile; fileRef = 001106EE187AA3D500B56D34 /* InfoPlist.strings */; };
		001106F2187AA3D500B56D34 /* TableCellMove01Tests.m in Sources */ = {isa = PBXBuildFile; fileRef = 001106F1187AA3D500B56D34 /* TableCellMove01Tests.m */; };
/* End PBXBuildFile section */

/* Begin PBXContainerItemProxy section */
		001106E9187AA3D500B56D34 /* PBXContainerItemProxy */ = {
			isa = PBXContainerItemProxy;
			containerPortal = 001106BB187AA3D400B56D34 /* Project object */;
			proxyType = 1;
			remoteGlobalIDString = 001106C2187AA3D400B56D34;
			remoteInfo = TableCellMove01;
		};
/* End PBXContainerItemProxy section */

/* Begin PBXFileReference section */
		001106C3187AA3D400B56D34 /* TableCellMove01.app */ = {isa = PBXFileReference; explicitFileType = wrapper.application; includeInIndex = 0; path = TableCellMove01.app; sourceTree = BUILT_PRODUCTS_DIR; };
		001106C6187AA3D400B56D34 /* Foundation.framework */ = {isa = PBXFileReference; lastKnownFileType = wrapper.framework; name = Foundation.framework; path = System/Library/Frameworks/Foundation.framework; sourceTree = SDKROOT; };
		001106C8187AA3D400B56D34 /* CoreGraphics.framework */ = {isa = PBXFileReference; lastKnownFileType = wrapper.framework; name = CoreGraphics.framework; path = System/Library/Frameworks/CoreGraphics.framework; sourceTree = SDKROOT; };
		001106CA187AA3D400B56D34 /* UIKit.framework */ = {isa = PBXFileReference; lastKnownFileType = wrapper.framework; name = UIKit.framework; path = System/Library/Frameworks/UIKit.framework; sourceTree = SDKROOT; };
		001106CE187AA3D400B56D34 /* TableCellMove01-Info.plist */ = {isa = PBXFileReference; lastKnownFileType = text.plist.xml; path = "TableCellMove01-Info.plist"; sourceTree = "<group>"; };
		001106D0187AA3D400B56D34 /* en */ = {isa = PBXFileReference; lastKnownFileType = text.plist.strings; name = en; path = en.lproj/InfoPlist.strings; sourceTree = "<group>"; };
		001106D2187AA3D400B56D34 /* main.m */ = {isa = PBXFileReference; lastKnownFileType = sourcecode.c.objc; path = main.m; sourceTree = "<group>"; };
		001106D4187AA3D400B56D34 /* TableCellMove01-Prefix.pch */ = {isa = PBXFileReference; lastKnownFileType = sourcecode.c.h; path = "TableCellMove01-Prefix.pch"; sourceTree = "<group>"; };
		001106D5187AA3D400B56D34 /* AppDelegate.h */ = {isa = PBXFileReference; lastKnownFileType = sourcecode.c.h; path = AppDelegate.h; sourceTree = "<group>"; };
		001106D6187AA3D400B56D34 /* AppDelegate.m */ = {isa = PBXFileReference; lastKnownFileType = sourcecode.c.objc; path = AppDelegate.m; sourceTree = "<group>"; };
		001106D9187AA3D400B56D34 /* Base */ = {isa = PBXFileReference; lastKnownFileType = file.storyboard; name = Base; path = Base.lproj/Main.storyboard; sourceTree = "<group>"; };
		001106DB187AA3D400B56D34 /* ViewController.h */ = {isa = PBXFileReference; lastKnownFileType = sourcecode.c.h; path = ViewController.h; sourceTree = "<group>"; };
		001106DC187AA3D400B56D34 /* ViewController.m */ = {isa = PBXFileReference; lastKnownFileType = sourcecode.c.objc; path = ViewController.m; sourceTree = "<group>"; };
		001106DE187AA3D400B56D34 /* Images.xcassets */ = {isa = PBXFileReference; lastKnownFileType = folder.assetcatalog; path = Images.xcassets; sourceTree = "<group>"; };
		001106E4187AA3D500B56D34 /* TableCellMove01Tests.xctest */ = {isa = PBXFileReference; explicitFileType = wrapper.cfbundle; includeInIndex = 0; path = TableCellMove01Tests.xctest; sourceTree = BUILT_PRODUCTS_DIR; };
		001106E5187AA3D500B56D34 /* XCTest.framework */ = {isa = PBXFileReference; lastKnownFileType = wrapper.framework; name = XCTest.framework; path = Library/Frameworks/XCTest.framework; sourceTree = DEVELOPER_DIR; };
		001106ED187AA3D500B56D34 /* TableCellMove01Tests-Info.plist */ = {isa = PBXFileReference; lastKnownFileType = text.plist.xml; path = "TableCellMove01Tests-Info.plist"; sourceTree = "<group>"; };
		001106EF187AA3D500B56D34 /* en */ = {isa = PBXFileReference; lastKnownFileType = text.plist.strings; name = en; path = en.lproj/InfoPlist.strings; sourceTree = "<group>"; };
		001106F1187AA3D500B56D34 /* TableCellMove01Tests.m */ = {isa = PBXFileReference; lastKnownFileType = sourcecode.c.objc; path = TableCellMove01Tests.m; sourceTree = "<group>"; };
/* End PBXFileReference section */

/* Begin PBXFrameworksBuildPhase section */
		001106C0187AA3D400B56D34 /* Frameworks */ = {
			isa = PBXFrameworksBuildPhase;
			buildActionMask = 2147483647;
			files = (
				001106C9187AA3D400B56D34 /* CoreGraphics.framework in Frameworks */,
				001106CB187AA3D400B56D34 /* UIKit.framework in Frameworks */,
				001106C7187AA3D400B56D34 /* Foundation.framework in Frameworks */,
			);
			runOnlyForDeploymentPostprocessing = 0;
		};
		001106E1187AA3D500B56D34 /* Frameworks */ = {
			isa = PBXFrameworksBuildPhase;
			buildActionMask = 2147483647;
			files = (
				001106E6187AA3D500B56D34 /* XCTest.framework in Frameworks */,
				001106E8187AA3D500B56D34 /* UIKit.framework in Frameworks */,
				001106E7187AA3D500B56D34 /* Foundation.framework in Frameworks */,
			);
			runOnlyForDeploymentPostprocessing = 0;
		};
/* End PBXFrameworksBuildPhase section */

/* Begin PBXGroup section */
		001106BA187AA3D400B56D34 = {
			isa = PBXGroup;
			children = (
				001106CC187AA3D400B56D34 /* TableCellMove01 */,
				001106EB187AA3D500B56D34 /* TableCellMove01Tests */,
				001106C5187AA3D400B56D34 /* Frameworks */,
				001106C4187AA3D400B56D34 /* Products */,
			);
			sourceTree = "<group>";
		};
		001106C4187AA3D400B56D34 /* Products */ = {
			isa = PBXGroup;
			children = (
				001106C3187AA3D400B56D34 /* TableCellMove01.app */,
				001106E4187AA3D500B56D34 /* TableCellMove01Tests.xctest */,
			);
			name = Products;
			sourceTree = "<group>";
		};
		001106C5187AA3D400B56D34 /* Frameworks */ = {
			isa = PBXGroup;
			children = (
				001106C6187AA3D400B56D34 /* Foundation.framework */,
				001106C8187AA3D400B56D34 /* CoreGraphics.framework */,
				001106CA187AA3D400B56D34 /* UIKit.framework */,
				001106E5187AA3D500B56D34 /* XCTest.framework */,
			);
			name = Frameworks;
			sourceTree = "<group>";
		};
		001106CC187AA3D400B56D34 /* TableCellMove01 */ = {
			isa = PBXGroup;
			children = (
				001106D5187AA3D400B56D34 /* AppDelegate.h */,
				001106D6187AA3D400B56D34 /* AppDelegate.m */,
				001106D8187AA3D400B56D34 /* Main.storyboard */,
				001106DB187AA3D400B56D34 /* ViewController.h */,
				001106DC187AA3D400B56D34 /* ViewController.m */,
				001106DE187AA3D400B56D34 /* Images.xcassets */,
				001106CD187AA3D400B56D34 /* Supporting Files */,
			);
			path = TableCellMove01;
			sourceTree = "<group>";
		};
		001106CD187AA3D400B56D34 /* Supporting Files */ = {
			isa = PBXGroup;
			children = (
				001106CE187AA3D400B56D34 /* TableCellMove01-Info.plist */,
				001106CF187AA3D400B56D34 /* InfoPlist.strings */,
				001106D2187AA3D400B56D34 /* main.m */,
				001106D4187AA3D400B56D34 /* TableCellMove01-Prefix.pch */,
			);
			name = "Supporting Files";
			sourceTree = "<group>";
		};
		001106EB187AA3D500B56D34 /* TableCellMove01Tests */ = {
			isa = PBXGroup;
			children = (
				001106F1187AA3D500B56D34 /* TableCellMove01Tests.m */,
				001106EC187AA3D500B56D34 /* Supporting Files */,
			);
			path = TableCellMove01Tests;
			sourceTree = "<group>";
		};
		001106EC187AA3D500B56D34 /* Supporting Files */ = {
			isa = PBXGroup;
			children = (
				001106ED187AA3D500B56D34 /* TableCellMove01Tests-Info.plist */,
				001106EE187AA3D500B56D34 /* InfoPlist.strings */,
			);
			name = "Supporting Files";
			sourceTree = "<group>";
		};
/* End PBXGroup section */

/* Begin PBXNativeTarget section */
		001106C2187AA3D400B56D34 /* TableCellMove01 */ = {
			isa = PBXNativeTarget;
			buildConfigurationList = 001106F5187AA3D500B56D34 /* Build configuration list for PBXNativeTarget "TableCellMove01" */;
			buildPhases = (
				001106BF187AA3D400B56D34 /* Sources */,
				001106C0187AA3D400B56D34 /* Frameworks */,
				001106C1187AA3D400B56D34 /* Resources */,
			);
			buildRules = (
			);
			dependencies = (
			);
			name = TableCellMove01;
			productName = TableCellMove01;
			productReference = 001106C3187AA3D400B56D34 /* TableCellMove01.app */;
			productType = "com.apple.product-type.application";
		};
		001106E3187AA3D500B56D34 /* TableCellMove01Tests */ = {
			isa = PBXNativeTarget;
			buildConfigurationList = 001106F8187AA3D500B56D34 /* Build configuration list for PBXNativeTarget "TableCellMove01Tests" */;
			buildPhases = (
				001106E0187AA3D500B56D34 /* Sources */,
				001106E1187AA3D500B56D34 /* Frameworks */,
				001106E2187AA3D500B56D34 /* Resources */,
			);
			buildRules = (
			);
			dependencies = (
				001106EA187AA3D500B56D34 /* PBXTargetDependency */,
			);
			name = TableCellMove01Tests;
			productName = TableCellMove01Tests;
			productReference = 001106E4187AA3D500B56D34 /* TableCellMove01Tests.xctest */;
			productType = "com.apple.product-type.bundle.unit-test";
		};
/* End PBXNativeTarget section */

/* Begin PBXProject section */
		001106BB187AA3D400B56D34 /* Project object */ = {
			isa = PBXProject;
			attributes = {
				LastUpgradeCheck = 0500;
				ORGANIZATIONNAME = "SDT-1";
				TargetAttributes = {
					001106E3187AA3D500B56D34 = {
						TestTargetID = 001106C2187AA3D400B56D34;
					};
				};
			};
			buildConfigurationList = 001106BE187AA3D400B56D34 /* Build configuration list for PBXProject "TableCellMove01" */;
			compatibilityVersion = "Xcode 3.2";
			developmentRegion = English;
			hasScannedForEncodings = 0;
			knownRegions = (
				en,
				Base,
			);
			mainGroup = 001106BA187AA3D400B56D34;
			productRefGroup = 001106C4187AA3D400B56D34 /* Products */;
			projectDirPath = "";
			projectRoot = "";
			targets = (
				001106C2187AA3D400B56D34 /* TableCellMove01 */,
				001106E3187AA3D500B56D34 /* TableCellMove01Tests */,
			);
		};
/* End PBXProject section */

/* Begin PBXResourcesBuildPhase section */
		001106C1187AA3D400B56D34 /* Resources */ = {
			isa = PBXResourcesBuildPhase;
			buildActionMask = 2147483647;
			files = (
				001106DF187AA3D400B56D34 /* Images.xcassets in Resources */,
				001106D1187AA3D400B56D34 /* InfoPlist.strings in Resources */,
				001106DA187AA3D400B56D34 /* Main.storyboard in Resources */,
			);
			runOnlyForDeploymentPostprocessing = 0;
		};
		001106E2187AA3D500B56D34 /* Resources */ = {
			isa = PBXResourcesBuildPhase;
			buildActionMask = 2147483647;
			files = (
				001106F0187AA3D500B56D34 /* InfoPlist.strings in Resources */,
			);
			runOnlyForDeploymentPostprocessing = 0;
		};
/* End PBXResourcesBuildPhase section */

/* Begin PBXSourcesBuildPhase section */
		001106BF187AA3D400B56D34 /* Sources */ = {
			isa = PBXSourcesBuildPhase;
			buildActionMask = 2147483647;
			files = (
				001106DD187AA3D400B56D34 /* ViewController.m in Sources */,
				001106D7187AA3D400B56D34 /* AppDelegate.m in Sources */,
				001106D3187AA3D400B56D34 /* main.m in Sources */,
			);
			runOnlyForDeploymentPostprocessing = 0;
		};
		001106E0187AA3D500B56D34 /* Sources */ = {
			isa = PBXSourcesBuildPhase;
			buildActionMask = 2147483647;
			files = (
				001106F2187AA3D500B56D34 /* TableCellMove01Tests.m in Sources */,
			);
			runOnlyForDeploymentPostprocessing = 0;
		};
/* End PBXSourcesBuildPhase section */

/* Begin PBXTargetDependency section */
		001106EA187AA3D500B56D34 /* PBXTargetDependency */ = {
			isa = PBXTargetDependency;
			target = 001106C2187AA3D400B56D34 /* TableCellMove01 */;
			targetProxy = 001106E9187AA3D500B56D34 /* PBXContainerItemProxy */;
		};
/* End PBXTargetDependency section */

/* Begin PBXVariantGroup section */
		001106CF187AA3D400B56D34 /* InfoPlist.strings */ = {
			isa = PBXVariantGroup;
			children = (
				001106D0187AA3D400B56D34 /* en */,
			);
			name = InfoPlist.strings;
			sourceTree = "<group>";
		};
		001106D8187AA3D400B56D34 /* Main.storyboard */ = {
			isa = PBXVariantGroup;
			children = (
				001106D9187AA3D400B56D34 /* Base */,
			);
			name = Main.storyboard;
			sourceTree = "<group>";
		};
		001106EE187AA3D500B56D34 /* InfoPlist.strings */ = {
			isa = PBXVariantGroup;
			children = (
				001106EF187AA3D500B56D34 /* en */,
			);
			name = InfoPlist.strings;
			sourceTree = "<group>";
		};
/* End PBXVariantGroup section */

/* Begin XCBuildConfiguration section */
		001106F3187AA3D500B56D34 /* Debug */ = {
			isa = XCBuildConfiguration;
			buildSettings = {
				ALWAYS_SEARCH_USER_PATHS = NO;
				ARCHS = "$(ARCHS_STANDARD_INCLUDING_64_BIT)";
				CLANG_CXX_LANGUAGE_STANDARD = "gnu++0x";
				CLANG_CXX_LIBRARY = "libc++";
				CLANG_ENABLE_MODULES = YES;
				CLANG_ENABLE_OBJC_ARC = YES;
				CLANG_WARN_BOOL_CONVERSION = YES;
				CLANG_WARN_CONSTANT_CONVERSION = YES;
				CLANG_WARN_DIRECT_OBJC_ISA_USAGE = YES_ERROR;
				CLANG_WARN_EMPTY_BODY = YES;
				CLANG_WARN_ENUM_CONVERSION = YES;
				CLANG_WARN_INT_CONVERSION = YES;
				CLANG_WARN_OBJC_ROOT_CLASS = YES_ERROR;
				CLANG_WARN__DUPLICATE_METHOD_MATCH = YES;
				"CODE_SIGN_IDENTITY[sdk=iphoneos*]" = "iPhone Developer";
				COPY_PHASE_STRIP = NO;
				GCC_C_LANGUAGE_STANDARD = gnu99;
				GCC_DYNAMIC_NO_PIC = NO;
				GCC_OPTIMIZATION_LEVEL = 0;
				GCC_PREPROCESSOR_DEFINITIONS = (
					"DEBUG=1",
					"$(inherited)",
				);
				GCC_SYMBOLS_PRIVATE_EXTERN = NO;
				GCC_WARN_64_TO_32_BIT_CONVERSION = YES;
				GCC_WARN_ABOUT_RETURN_TYPE = YES_ERROR;
				GCC_WARN_UNDECLARED_SELECTOR = YES;
				GCC_WARN_UNINITIALIZED_AUTOS = YES;
				GCC_WARN_UNUSED_FUNCTION = YES;
				GCC_WARN_UNUSED_VARIABLE = YES;
				IPHONEOS_DEPLOYMENT_TARGET = 7.0;
				ONLY_ACTIVE_ARCH = YES;
				SDKROOT = iphoneos;
			};
			name = Debug;
		};
		001106F4187AA3D500B56D34 /* Release */ = {
			isa = XCBuildConfiguration;
			buildSettings = {
				ALWAYS_SEARCH_USER_PATHS = NO;
				ARCHS = "$(ARCHS_STANDARD_INCLUDING_64_BIT)";
				CLANG_CXX_LANGUAGE_STANDARD = "gnu++0x";
				CLANG_CXX_LIBRARY = "libc++";
				CLANG_ENABLE_MODULES = YES;
				CLANG_ENABLE_OBJC_ARC = YES;
				CLANG_WARN_BOOL_CONVERSION = YES;
				CLANG_WARN_CONSTANT_CONVERSION = YES;
				CLANG_WARN_DIRECT_OBJC_ISA_USAGE = YES_ERROR;
				CLANG_WARN_EMPTY_BODY = YES;
				CLANG_WARN_ENUM_CONVERSION = YES;
				CLANG_WARN_INT_CONVERSION = YES;
				CLANG_WARN_OBJC_ROOT_CLASS = YES_ERROR;
				CLANG_WARN__DUPLICATE_METHOD_MATCH = YES;
				"CODE_SIGN_IDENTITY[sdk=iphoneos*]" = "iPhone Developer";
				COPY_PHASE_STRIP = YES;
				ENABLE_NS_ASSERTIONS = NO;
				GCC_C_LANGUAGE_STANDARD = gnu99;
				GCC_WARN_64_TO_32_BIT_CONVERSION = YES;
				GCC_WARN_ABOUT_RETURN_TYPE = YES_ERROR;
				GCC_WARN_UNDECLARED_SELECTOR = YES;
				GCC_WARN_UNINITIALIZED_AUTOS = YES;
				GCC_WARN_UNUSED_FUNCTION = YES;
				GCC_WARN_UNUSED_VARIABLE = YES;
				IPHONEOS_DEPLOYMENT_TARGET = 7.0;
				SDKROOT = iphoneos;
				VALIDATE_PRODUCT = YES;
			};
			name = Release;
		};
		001106F6187AA3D500B56D34 /* Debug */ = {
			isa = XCBuildConfiguration;
			buildSettings = {
				ASSETCATALOG_COMPILER_APPICON_NAME = AppIcon;
				ASSETCATALOG_COMPILER_LAUNCHIMAGE_NAME = LaunchImage;
				GCC_PRECOMPILE_PREFIX_HEADER = YES;
				GCC_PREFIX_HEADER = "TableCellMove01/TableCellMove01-Prefix.pch";
				INFOPLIST_FILE = "TableCellMove01/TableCellMove01-Info.plist";
				PRODUCT_NAME = "$(TARGET_NAME)";
				WRAPPER_EXTENSION = app;
			};
			name = Debug;
		};
		001106F7187AA3D500B56D34 /* Release */ = {
			isa = XCBuildConfiguration;
			buildSettings = {
				ASSETCATALOG_COMPILER_APPICON_NAME = AppIcon;
				ASSETCATALOG_COMPILER_LAUNCHIMAGE_NAME = LaunchImage;
				GCC_PRECOMPILE_PREFIX_HEADER = YES;
				GCC_PREFIX_HEADER = "TableCellMove01/TableCellMove01-Prefix.pch";
				INFOPLIST_FILE = "TableCellMove01/TableCellMove01-Info.plist";
				PRODUCT_NAME = "$(TARGET_NAME)";
				WRAPPER_EXTENSION = app;
			};
			name = Release;
		};
		001106F9187AA3D500B56D34 /* Debug */ = {
			isa = XCBuildConfiguration;
			buildSettings = {
				ARCHS = "$(ARCHS_STANDARD_INCLUDING_64_BIT)";
				BUNDLE_LOADER = "$(BUILT_PRODUCTS_DIR)/TableCellMove01.app/TableCellMove01";
				FRAMEWORK_SEARCH_PATHS = (
					"$(SDKROOT)/Developer/Library/Frameworks",
					"$(inherited)",
					"$(DEVELOPER_FRAMEWORKS_DIR)",
				);
				GCC_PRECOMPILE_PREFIX_HEADER = YES;
				GCC_PREFIX_HEADER = "TableCellMove01/TableCellMove01-Prefix.pch";
				GCC_PREPROCESSOR_DEFINITIONS = (
					"DEBUG=1",
					"$(inherited)",
				);
				INFOPLIST_FILE = "TableCellMove01Tests/TableCellMove01Tests-Info.plist";
				PRODUCT_NAME = "$(TARGET_NAME)";
				TEST_HOST = "$(BUNDLE_LOADER)";
				WRAPPER_EXTENSION = xctest;
			};
			name = Debug;
		};
		001106FA187AA3D500B56D34 /* Release */ = {
			isa = XCBuildConfiguration;
			buildSettings = {
				ARCHS = "$(ARCHS_STANDARD_INCLUDING_64_BIT)";
				BUNDLE_LOADER = "$(BUILT_PRODUCTS_DIR)/TableCellMove01.app/TableCellMove01";
				FRAMEWORK_SEARCH_PATHS = (
					"$(SDKROOT)/Developer/Library/Frameworks",
					"$(inherited)",
					"$(DEVELOPER_FRAMEWORKS_DIR)",
				);
				GCC_PRECOMPILE_PREFIX_HEADER = YES;
				GCC_PREFIX_HEADER = "TableCellMove01/TableCellMove01-Prefix.pch";
				INFOPLIST_FILE = "TableCellMove01Tests/TableCellMove01Tests-Info.plist";
				PRODUCT_NAME = "$(TARGET_NAME)";
				TEST_HOST = "$(BUNDLE_LOADER)";
				WRAPPER_EXTENSION = xctest;
			};
			name = Release;
		};
/* End XCBuildConfiguration section */

/* Begin XCConfigurationList section */
		001106BE187AA3D400B56D34 /* Build configuration list for PBXProject "TableCellMove01" */ = {
			isa = XCConfigurationList;
			buildConfigurations = (
				001106F3187AA3D500B56D34 /* Debug */,
				001106F4187AA3D500B56D34 /* Release */,
			);
			defaultConfigurationIsVisible = 0;
			defaultConfigurationName = Release;
		};
		001106F5187AA3D500B56D34 /* Build configuration list for PBXNativeTarget "TableCellMove01" */ = {
			isa = XCConfigurationList;
			buildConfigurations = (
				001106F6187AA3D500B56D34 /* Debug */,
				001106F7187AA3D500B56D34 /* Release */,
			);
			defaultConfigurationIsVisible = 0;
		};
		001106F8187AA3D500B56D34 /* Build configuration list for PBXNativeTarget "TableCellMove01Tests" */ = {
			isa = XCConfigurationList;
			buildConfigurations = (
				001106F9187AA3D500B56D34 /* Debug */,
				001106FA187AA3D500B56D34 /* Release */,
			);
			defaultConfigurationIsVisible = 0;
		};
/* End XCConfigurationList section */
	};
	rootObject = 001106BB187AA3D400B56D34 /* Project object */;
}
